// !$*UTF8*$!
{
	archiveVersion = 1;
	classes = {
	};
	objectVersion = 77;
	objects = {

/* Begin PBXContainerItemProxy section */
		E3B0BAF12E02CBD20029BB8E /* PBXContainerItemProxy */ = {
			isa = PBXContainerItemProxy;
			containerPortal = E3B0BAD82E02CBCF0029BB8E /* Project object */;
			proxyType = 1;
			remoteGlobalIDString = E3B0BADF2E02CBCF0029BB8E;
			remoteInfo = FastFood;
		};
		E3B0BAFB2E02CBD20029BB8E /* PBXContainerItemProxy */ = {
			isa = PBXContainerItemProxy;
			containerPortal = E3B0BAD82E02CBCF0029BB8E /* Project object */;
			proxyType = 1;
			remoteGlobalIDString = E3B0BADF2E02CBCF0029BB8E;
			remoteInfo = FastFood;
		};
/* End PBXContainerItemProxy section */

/* Begin PBXFileReference section */
		E3B0BAE02E02CBCF0029BB8E /* FastFood.app */ = {isa = PBXFileReference; explicitFileType = wrapper.application; includeInIndex = 0; path = FastFood.app; sourceTree = BUILT_PRODUCTS_DIR; };
		E3B0BAF02E02CBD20029BB8E /* FastFoodTests.xctest */ = {isa = PBXFileReference; explicitFileType = wrapper.cfbundle; includeInIndex = 0; path = FastFoodTests.xctest; sourceTree = BUILT_PRODUCTS_DIR; };
		E3B0BAFA2E02CBD20029BB8E /* FastFoodUITests.xctest */ = {isa = PBXFileReference; explicitFileType = wrapper.cfbundle; includeInIndex = 0; path = FastFoodUITests.xctest; sourceTree = BUILT_PRODUCTS_DIR; };
/* End PBXFileReference section */

/* Begin PBXFileSystemSynchronizedRootGroup section */
		E3B0BAE22E02CBCF0029BB8E /* FastFood */ = {
			isa = PBXFileSystemSynchronizedRootGroup;
			path = FastFood;
			sourceTree = "<group>";
		};
		E3B0BAF32E02CBD20029BB8E /* FastFoodTests */ = {
			isa = PBXFileSystemSynchronizedRootGroup;
			path = FastFoodTests;
			sourceTree = "<group>";
		};
		E3B0BAFD2E02CBD20029BB8E /* FastFoodUITests */ = {
			isa = PBXFileSystemSynchronizedRootGroup;
			path = FastFoodUITests;
			sourceTree = "<group>";
		};
/* End PBXFileSystemSynchronizedRootGroup section */

/* Begin PBXFrameworksBuildPhase section */
		E3B0BADD2E02CBCF0029BB8E /* Frameworks */ = {
			isa = PBXFrameworksBuildPhase;
			buildActionMask = 2147483647;
			files = (
			);
			runOnlyForDeploymentPostprocessing = 0;
		};
		E3B0BAED2E02CBD20029BB8E /* Frameworks */ = {
			isa = PBXFrameworksBuildPhase;
			buildActionMask = 2147483647;
			files = (
			);
			runOnlyForDeploymentPostprocessing = 0;
		};
		E3B0BAF72E02CBD20029BB8E /* Frameworks */ = {
			isa = PBXFrameworksBuildPhase;
			buildActionMask = 2147483647;
			files = (
			);
			runOnlyForDeploymentPostprocessing = 0;
		};
/* End PBXFrameworksBuildPhase section */

/* Begin PBXGroup section */
		E3B0BAD72E02CBCF0029BB8E = {
			isa = PBXGroup;
			children = (
				E3B0BAE22E02CBCF0029BB8E /* FastFood */,
				E3B0BAF32E02CBD20029BB8E /* FastFoodTests */,
				E3B0BAFD2E02CBD20029BB8E /* FastFoodUITests */,
				E3B0BAE12E02CBCF0029BB8E /* Products */,
			);
			sourceTree = "<group>";
		};
		E3B0BAE12E02CBCF0029BB8E /* Products */ = {
			isa = PBXGroup;
			children = (
				E3B0BAE02E02CBCF0029BB8E /* FastFood.app */,
				E3B0BAF02E02CBD20029BB8E /* FastFoodTests.xctest */,
				E3B0BAFA2E02CBD20029BB8E /* FastFoodUITests.xctest */,
			);
			name = Products;
			sourceTree = "<group>";
		};
/* End PBXGroup section */

/* Begin PBXNativeTarget section */
		E3B0BADF2E02CBCF0029BB8E /* FastFood */ = {
			isa = PBXNativeTarget;
			buildConfigurationList = E3B0BB042E02CBD20029BB8E /* Build configuration list for PBXNativeTarget "FastFood" */;
			buildPhases = (
				E3B0BADC2E02CBCF0029BB8E /* Sources */,
				E3B0BADD2E02CBCF0029BB8E /* Frameworks */,
				E3B0BADE2E02CBCF0029BB8E /* Resources */,
			);
			buildRules = (
			);
			dependencies = (
			);
			fileSystemSynchronizedGroups = (
				E3B0BAE22E02CBCF0029BB8E /* FastFood */,
			);
			name = FastFood;
			packageProductDependencies = (
			);
			productName = FastFood;
			productReference = E3B0BAE02E02CBCF0029BB8E /* FastFood.app */;
			productType = "com.apple.product-type.application";
		};
		E3B0BAEF2E02CBD20029BB8E /* FastFoodTests */ = {
			isa = PBXNativeTarget;
			buildConfigurationList = E3B0BB072E02CBD20029BB8E /* Build configuration list for PBXNativeTarget "FastFoodTests" */;
			buildPhases = (
				E3B0BAEC2E02CBD20029BB8E /* Sources */,
				E3B0BAED2E02CBD20029BB8E /* Frameworks */,
				E3B0BAEE2E02CBD20029BB8E /* Resources */,
			);
			buildRules = (
			);
			dependencies = (
				E3B0BAF22E02CBD20029BB8E /* PBXTargetDependency */,
			);
			fileSystemSynchronizedGroups = (
				E3B0BAF32E02CBD20029BB8E /* FastFoodTests */,
			);
			name = FastFoodTests;
			packageProductDependencies = (
			);
			productName = FastFoodTests;
			productReference = E3B0BAF02E02CBD20029BB8E /* FastFoodTests.xctest */;
			productType = "com.apple.product-type.bundle.unit-test";
		};
		E3B0BAF92E02CBD20029BB8E /* FastFoodUITests */ = {
			isa = PBXNativeTarget;
			buildConfigurationList = E3B0BB0A2E02CBD20029BB8E /* Build configuration list for PBXNativeTarget "FastFoodUITests" */;
			buildPhases = (
				E3B0BAF62E02CBD20029BB8E /* Sources */,
				E3B0BAF72E02CBD20029BB8E /* Frameworks */,
				E3B0BAF82E02CBD20029BB8E /* Resources */,
			);
			buildRules = (
			);
			dependencies = (
				E3B0BAFC2E02CBD20029BB8E /* PBXTargetDependency */,
			);
			fileSystemSynchronizedGroups = (
				E3B0BAFD2E02CBD20029BB8E /* FastFoodUITests */,
			);
			name = FastFoodUITests;
			packageProductDependencies = (
			);
			productName = FastFoodUITests;
			productReference = E3B0BAFA2E02CBD20029BB8E /* FastFoodUITests.xctest */;
			productType = "com.apple.product-type.bundle.ui-testing";
		};
/* End PBXNativeTarget section */

/* Begin PBXProject section */
		E3B0BAD82E02CBCF0029BB8E /* Project object */ = {
			isa = PBXProject;
			attributes = {
				BuildIndependentTargetsInParallel = 1;
				LastSwiftUpdateCheck = 1620;
				LastUpgradeCheck = 1620;
				TargetAttributes = {
					E3B0BADF2E02CBCF0029BB8E = {
						CreatedOnToolsVersion = 16.2;
					};
					E3B0BAEF2E02CBD20029BB8E = {
						CreatedOnToolsVersion = 16.2;
						TestTargetID = E3B0BADF2E02CBCF0029BB8E;
					};
					E3B0BAF92E02CBD20029BB8E = {
						CreatedOnToolsVersion = 16.2;
						TestTargetID = E3B0BADF2E02CBCF0029BB8E;
					};
				};
			};
			buildConfigurationList = E3B0BADB2E02CBCF0029BB8E /* Build configuration list for PBXProject "FastFood" */;
			developmentRegion = en;
			hasScannedForEncodings = 0;
			knownRegions = (
				en,
				Base,
			);
			mainGroup = E3B0BAD72E02CBCF0029BB8E;
			minimizedProjectReferenceProxies = 1;
			preferredProjectObjectVersion = 77;
			productRefGroup = E3B0BAE12E02CBCF0029BB8E /* Products */;
			projectDirPath = "";
			projectRoot = "";
			targets = (
				E3B0BADF2E02CBCF0029BB8E /* FastFood */,
				E3B0BAEF2E02CBD20029BB8E /* FastFoodTests */,
				E3B0BAF92E02CBD20029BB8E /* FastFoodUITests */,
			);
		};
/* End PBXProject section */

/* Begin PBXResourcesBuildPhase section */
		E3B0BADE2E02CBCF0029BB8E /* Resources */ = {
			isa = PBXResourcesBuildPhase;
			buildActionMask = 2147483647;
			files = (
			);
			runOnlyForDeploymentPostprocessing = 0;
		};
		E3B0BAEE2E02CBD20029BB8E /* Resources */ = {
			isa = PBXResourcesBuildPhase;
			buildActionMask = 2147483647;
			files = (
			);
			runOnlyForDeploymentPostprocessing = 0;
		};
		E3B0BAF82E02CBD20029BB8E /* Resources */ = {
			isa = PBXResourcesBuildPhase;
			buildActionMask = 2147483647;
			files = (
			);
			runOnlyForDeploymentPostprocessing = 0;
		};
/* End PBXResourcesBuildPhase section */

/* Begin PBXSourcesBuildPhase section */
		E3B0BADC2E02CBCF0029BB8E /* Sources */ = {
			isa = PBXSourcesBuildPhase;
			buildActionMask = 2147483647;
			files = (
			);
			runOnlyForDeploymentPostprocessing = 0;
		};
		E3B0BAEC2E02CBD20029BB8E /* Sources */ = {
			isa = PBXSourcesBuildPhase;
			buildActionMask = 2147483647;
			files = (
			);
			runOnlyForDeploymentPostprocessing = 0;
		};
		E3B0BAF62E02CBD20029BB8E /* Sources */ = {
			isa = PBXSourcesBuildPhase;
			buildActionMask = 2147483647;
			files = (
			);
			runOnlyForDeploymentPostprocessing = 0;
		};
/* End PBXSourcesBuildPhase section */

/* Begin PBXTargetDependency section */
		E3B0BAF22E02CBD20029BB8E /* PBXTargetDependency */ = {
			isa = PBXTargetDependency;
			target = E3B0BADF2E02CBCF0029BB8E /* FastFood */;
			targetProxy = E3B0BAF12E02CBD20029BB8E /* PBXContainerItemProxy */;
		};
		E3B0BAFC2E02CBD20029BB8E /* PBXTargetDependency */ = {
			isa = PBXTargetDependency;
			target = E3B0BADF2E02CBCF0029BB8E /* FastFood */;
			targetProxy = E3B0BAFB2E02CBD20029BB8E /* PBXContainerItemProxy */;
		};
/* End PBXTargetDependency section */

/* Begin XCBuildConfiguration section */
		E3B0BB022E02CBD20029BB8E /* Debug */ = {
			isa = XCBuildConfiguration;
			buildSettings = {
				ALWAYS_SEARCH_USER_PATHS = NO;
				ASSETCATALOG_COMPILER_GENERATE_SWIFT_ASSET_SYMBOL_EXTENSIONS = YES;
				CLANG_ANALYZER_NONNULL = YES;
				CLANG_ANALYZER_NUMBER_OBJECT_CONVERSION = YES_AGGRESSIVE;
				CLANG_CXX_LANGUAGE_STANDARD = "gnu++20";
				CLANG_ENABLE_MODULES = YES;
				CLANG_ENABLE_OBJC_ARC = YES;
				CLANG_ENABLE_OBJC_WEAK = YES;
				CLANG_WARN_BLOCK_CAPTURE_AUTORELEASING = YES;
				CLANG_WARN_BOOL_CONVERSION = YES;
				CLANG_WARN_COMMA = YES;
				CLANG_WARN_CONSTANT_CONVERSION = YES;
				CLANG_WARN_DEPRECATED_OBJC_IMPLEMENTATIONS = YES;
				CLANG_WARN_DIRECT_OBJC_ISA_USAGE = YES_ERROR;
				CLANG_WARN_DOCUMENTATION_COMMENTS = YES;
				CLANG_WARN_EMPTY_BODY = YES;
				CLANG_WARN_ENUM_CONVERSION = YES;
				CLANG_WARN_INFINITE_RECURSION = YES;
				CLANG_WARN_INT_CONVERSION = YES;
				CLANG_WARN_NON_LITERAL_NULL_CONVERSION = YES;
				CLANG_WARN_OBJC_IMPLICIT_RETAIN_SELF = YES;
				CLANG_WARN_OBJC_LITERAL_CONVERSION = YES;
				CLANG_WARN_OBJC_ROOT_CLASS = YES_ERROR;
				CLANG_WARN_QUOTED_INCLUDE_IN_FRAMEWORK_HEADER = YES;
				CLANG_WARN_RANGE_LOOP_ANALYSIS = YES;
				CLANG_WARN_STRICT_PROTOTYPES = YES;
				CLANG_WARN_SUSPICIOUS_MOVE = YES;
				CLANG_WARN_UNGUARDED_AVAILABILITY = YES_AGGRESSIVE;
				CLANG_WARN_UNREACHABLE_CODE = YES;
				CLANG_WARN__DUPLICATE_METHOD_MATCH = YES;
				COPY_PHASE_STRIP = NO;
				DEBUG_INFORMATION_FORMAT = dwarf;
				ENABLE_STRICT_OBJC_MSGSEND = YES;
				ENABLE_TESTABILITY = YES;
				ENABLE_USER_SCRIPT_SANDBOXING = YES;
				GCC_C_LANGUAGE_STANDARD = gnu17;
				GCC_DYNAMIC_NO_PIC = NO;
				GCC_NO_COMMON_BLOCKS = YES;
				GCC_OPTIMIZATION_LEVEL = 0;
				GCC_PREPROCESSOR_DEFINITIONS = (
					"DEBUG=1",
					"$(inherited)",
				);
				GCC_WARN_64_TO_32_BIT_CONVERSION = YES;
				GCC_WARN_ABOUT_RETURN_TYPE = YES_ERROR;
				GCC_WARN_UNDECLARED_SELECTOR = YES;
				GCC_WARN_UNINITIALIZED_AUTOS = YES_AGGRESSIVE;
				GCC_WARN_UNUSED_FUNCTION = YES;
				GCC_WARN_UNUSED_VARIABLE = YES;
				IPHONEOS_DEPLOYMENT_TARGET = 18.2;
				LOCALIZATION_PREFERS_STRING_CATALOGS = YES;
				MTL_ENABLE_DEBUG_INFO = INCLUDE_SOURCE;
				MTL_FAST_MATH = YES;
				ONLY_ACTIVE_ARCH = YES;
				SDKROOT = iphoneos;
				SWIFT_ACTIVE_COMPILATION_CONDITIONS = "DEBUG $(inherited)";
				SWIFT_OPTIMIZATION_LEVEL = "-Onone";
			};
			name = Debug;
		};
		E3B0BB032E02CBD20029BB8E /* Release */ = {
			isa = XCBuildConfiguration;
			buildSettings = {
				ALWAYS_SEARCH_USER_PATHS = NO;
				ASSETCATALOG_COMPILER_GENERATE_SWIFT_ASSET_SYMBOL_EXTENSIONS = YES;
				CLANG_ANALYZER_NONNULL = YES;
				CLANG_ANALYZER_NUMBER_OBJECT_CONVERSION = YES_AGGRESSIVE;
				CLANG_CXX_LANGUAGE_STANDARD = "gnu++20";
				CLANG_ENABLE_MODULES = YES;
				CLANG_ENABLE_OBJC_ARC = YES;
				CLANG_ENABLE_OBJC_WEAK = YES;
				CLANG_WARN_BLOCK_CAPTURE_AUTORELEASING = YES;
				CLANG_WARN_BOOL_CONVERSION = YES;
				CLANG_WARN_COMMA = YES;
				CLANG_WARN_CONSTANT_CONVERSION = YES;
				CLANG_WARN_DEPRECATED_OBJC_IMPLEMENTATIONS = YES;
				CLANG_WARN_DIRECT_OBJC_ISA_USAGE = YES_ERROR;
				CLANG_WARN_DOCUMENTATION_COMMENTS = YES;
				CLANG_WARN_EMPTY_BODY = YES;
				CLANG_WARN_ENUM_CONVERSION = YES;
				CLANG_WARN_INFINITE_RECURSION = YES;
				CLANG_WARN_INT_CONVERSION = YES;
				CLANG_WARN_NON_LITERAL_NULL_CONVERSION = YES;
				CLANG_WARN_OBJC_IMPLICIT_RETAIN_SELF = YES;
				CLANG_WARN_OBJC_LITERAL_CONVERSION = YES;
				CLANG_WARN_OBJC_ROOT_CLASS = YES_ERROR;
				CLANG_WARN_QUOTED_INCLUDE_IN_FRAMEWORK_HEADER = YES;
				CLANG_WARN_RANGE_LOOP_ANALYSIS = YES;
				CLANG_WARN_STRICT_PROTOTYPES = YES;
				CLANG_WARN_SUSPICIOUS_MOVE = YES;
				CLANG_WARN_UNGUARDED_AVAILABILITY = YES_AGGRESSIVE;
				CLANG_WARN_UNREACHABLE_CODE = YES;
				CLANG_WARN__DUPLICATE_METHOD_MATCH = YES;
				COPY_PHASE_STRIP = NO;
				DEBUG_INFORMATION_FORMAT = "dwarf-with-dsym";
				ENABLE_NS_ASSERTIONS = NO;
				ENABLE_STRICT_OBJC_MSGSEND = YES;
				ENABLE_USER_SCRIPT_SANDBOXING = YES;
				GCC_C_LANGUAGE_STANDARD = gnu17;
				GCC_NO_COMMON_BLOCKS = YES;
				GCC_WARN_64_TO_32_BIT_CONVERSION = YES;
				GCC_WARN_ABOUT_RETURN_TYPE = YES_ERROR;
				GCC_WARN_UNDECLARED_SELECTOR = YES;
				GCC_WARN_UNINITIALIZED_AUTOS = YES_AGGRESSIVE;
				GCC_WARN_UNUSED_FUNCTION = YES;
				GCC_WARN_UNUSED_VARIABLE = YES;
				IPHONEOS_DEPLOYMENT_TARGET = 18.2;
				LOCALIZATION_PREFERS_STRING_CATALOGS = YES;
				MTL_ENABLE_DEBUG_INFO = NO;
				MTL_FAST_MATH = YES;
				SDKROOT = iphoneos;
				SWIFT_COMPILATION_MODE = wholemodule;
				VALIDATE_PRODUCT = YES;
			};
			name = Release;
		};
		E3B0BB052E02CBD20029BB8E /* Debug */ = {
			isa = XCBuildConfiguration;
			buildSettings = {
				ASSETCATALOG_COMPILER_APPICON_NAME = AppIcon;
				ASSETCATALOG_COMPILER_GLOBAL_ACCENT_COLOR_NAME = AccentColor;
				CODE_SIGN_STYLE = Automatic;
				CURRENT_PROJECT_VERSION = 1;
				DEVELOPMENT_ASSET_PATHS = "\"FastFood/Shared/Resources/Preview Content\"";
				DEVELOPMENT_TEAM = A2L774K3W9;
				ENABLE_PREVIEWS = YES;
				GENERATE_INFOPLIST_FILE = YES;
				INFOPLIST_KEY_UIApplicationSceneManifest_Generation = YES;
				INFOPLIST_KEY_UIApplicationSupportsIndirectInputEvents = YES;
				INFOPLIST_KEY_UILaunchScreen_Generation = YES;
				INFOPLIST_KEY_UISupportedInterfaceOrientations_iPad = "UIInterfaceOrientationPortrait UIInterfaceOrientationPortraitUpsideDown UIInterfaceOrientationLandscapeLeft UIInterfaceOrientationLandscapeRight";
				INFOPLIST_KEY_UISupportedInterfaceOrientations_iPhone = "UIInterfaceOrientationPortrait UIInterfaceOrientationLandscapeLeft UIInterfaceOrientationLandscapeRight";
				LD_RUNPATH_SEARCH_PATHS = (
					"$(inherited)",
					"@executable_path/Frameworks",
				);
				MARKETING_VERSION = 1.0;
				PRODUCT_BUNDLE_IDENTIFIER = com.ahmetkadircicek.FastFood;
				PRODUCT_NAME = "$(TARGET_NAME)";
				SWIFT_EMIT_LOC_STRINGS = YES;
				SWIFT_VERSION = 5.0;
				TARGETED_DEVICE_FAMILY = "1,2";
			};
			name = Debug;
		};
		E3B0BB062E02CBD20029BB8E /* Release */ = {
			isa = XCBuildConfiguration;
			buildSettings = {
				ASSETCATALOG_COMPILER_APPICON_NAME = AppIcon;
				ASSETCATALOG_COMPILER_GLOBAL_ACCENT_COLOR_NAME = AccentColor;
				CODE_SIGN_STYLE = Automatic;
				CURRENT_PROJECT_VERSION = 1;
				DEVELOPMENT_ASSET_PATHS = "\"FastFood/Shared/Resources/Preview Content\"";
				DEVELOPMENT_TEAM = A2L774K3W9;
				ENABLE_PREVIEWS = YES;
				GENERATE_INFOPLIST_FILE = YES;
				INFOPLIST_KEY_UIApplicationSceneManifest_Generation = YES;
				INFOPLIST_KEY_UIApplicationSupportsIndirectInputEvents = YES;
				INFOPLIST_KEY_UILaunchScreen_Generation = YES;
				INFOPLIST_KEY_UISupportedInterfaceOrientations_iPad = "UIInterfaceOrientationPortrait UIInterfaceOrientationPortraitUpsideDown UIInterfaceOrientationLandscapeLeft UIInterfaceOrientationLandscapeRight";
				INFOPLIST_KEY_UISupportedInterfaceOrientations_iPhone = "UIInterfaceOrientationPortrait UIInterfaceOrientationLandscapeLeft UIInterfaceOrientationLandscapeRight";
				LD_RUNPATH_SEARCH_PATHS = (
					"$(inherited)",
					"@executable_path/Frameworks",
				);
				MARKETING_VERSION = 1.0;
				PRODUCT_BUNDLE_IDENTIFIER = com.ahmetkadircicek.FastFood;
				PRODUCT_NAME = "$(TARGET_NAME)";
				SWIFT_EMIT_LOC_STRINGS = YES;
				SWIFT_VERSION = 5.0;
				TARGETED_DEVICE_FAMILY = "1,2";
			};
			name = Release;
		};
		E3B0BB082E02CBD20029BB8E /* Debug */ = {
			isa = XCBuildConfiguration;
			buildSettings = {
				BUNDLE_LOADER = "$(TEST_HOST)";
				CODE_SIGN_STYLE = Automatic;
				CURRENT_PROJECT_VERSION = 1;
				DEVELOPMENT_TEAM = A2L774K3W9;
				GENERATE_INFOPLIST_FILE = YES;
				IPHONEOS_DEPLOYMENT_TARGET = 18.2;
				MARKETING_VERSION = 1.0;
				PRODUCT_BUNDLE_IDENTIFIER = com.ahmetkadircicek.FastFoodTests;
				PRODUCT_NAME = "$(TARGET_NAME)";
				SWIFT_EMIT_LOC_STRINGS = NO;
				SWIFT_VERSION = 5.0;
				TARGETED_DEVICE_FAMILY = "1,2";
				TEST_HOST = "$(BUILT_PRODUCTS_DIR)/FastFood.app/$(BUNDLE_EXECUTABLE_FOLDER_PATH)/FastFood";
			};
			name = Debug;
		};
		E3B0BB092E02CBD20029BB8E /* Release */ = {
			isa = XCBuildConfiguration;
			buildSettings = {
				BUNDLE_LOADER = "$(TEST_HOST)";
				CODE_SIGN_STYLE = Automatic;
				CURRENT_PROJECT_VERSION = 1;
				DEVELOPMENT_TEAM = A2L774K3W9;
				GENERATE_INFOPLIST_FILE = YES;
				IPHONEOS_DEPLOYMENT_TARGET = 18.2;
				MARKETING_VERSION = 1.0;
				PRODUCT_BUNDLE_IDENTIFIER = com.ahmetkadircicek.FastFoodTests;
				PRODUCT_NAME = "$(TARGET_NAME)";
				SWIFT_EMIT_LOC_STRINGS = NO;
				SWIFT_VERSION = 5.0;
				TARGETED_DEVICE_FAMILY = "1,2";
				TEST_HOST = "$(BUILT_PRODUCTS_DIR)/FastFood.app/$(BUNDLE_EXECUTABLE_FOLDER_PATH)/FastFood";
			};
			name = Release;
		};
		E3B0BB0B2E02CBD20029BB8E /* Debug */ = {
			isa = XCBuildConfiguration;
			buildSettings = {
				CODE_SIGN_STYLE = Automatic;
				CURRENT_PROJECT_VERSION = 1;
				DEVELOPMENT_ASSET_PATHS = "\"/FastFood/Shared/Resources/Preview Content\"";
				DEVELOPMENT_TEAM = A2L774K3W9;
				GENERATE_INFOPLIST_FILE = YES;
				MARKETING_VERSION = 1.0;
				PRODUCT_BUNDLE_IDENTIFIER = com.ahmetkadircicek.FastFoodUITests;
				PRODUCT_NAME = "$(TARGET_NAME)";
				SWIFT_EMIT_LOC_STRINGS = NO;
				SWIFT_VERSION = 5.0;
				TARGETED_DEVICE_FAMILY = "1,2";
				TEST_TARGET_NAME = FastFood;
			};
			name = Debug;
		};
		E3B0BB0C2E02CBD20029BB8E /* Release */ = {
			isa = XCBuildConfiguration;
			buildSettings = {
				CODE_SIGN_STYLE = Automatic;
				CURRENT_PROJECT_VERSION = 1;
				DEVELOPMENT_ASSET_PATHS = "\"/FastFood/Shared/Resources/Preview Content\"";
				DEVELOPMENT_TEAM = A2L774K3W9;
				GENERATE_INFOPLIST_FILE = YES;
				MARKETING_VERSION = 1.0;
				PRODUCT_BUNDLE_IDENTIFIER = com.ahmetkadircicek.FastFoodUITests;
				PRODUCT_NAME = "$(TARGET_NAME)";
				SWIFT_EMIT_LOC_STRINGS = NO;
				SWIFT_VERSION = 5.0;
				TARGETED_DEVICE_FAMILY = "1,2";
				TEST_TARGET_NAME = FastFood;
			};
			name = Release;
		};
/* End XCBuildConfiguration section */

/* Begin XCConfigurationList section */
		E3B0BADB2E02CBCF0029BB8E /* Build configuration list for PBXProject "FastFood" */ = {
			isa = XCConfigurationList;
			buildConfigurations = (
				E3B0BB022E02CBD20029BB8E /* Debug */,
				E3B0BB032E02CBD20029BB8E /* Release */,
			);
			defaultConfigurationIsVisible = 0;
			defaultConfigurationName = Release;
		};
		E3B0BB042E02CBD20029BB8E /* Build configuration list for PBXNativeTarget "FastFood" */ = {
			isa = XCConfigurationList;
			buildConfigurations = (
				E3B0BB052E02CBD20029BB8E /* Debug */,
				E3B0BB062E02CBD20029BB8E /* Release */,
			);
			defaultConfigurationIsVisible = 0;
			defaultConfigurationName = Release;
		};
		E3B0BB072E02CBD20029BB8E /* Build configuration list for PBXNativeTarget "FastFoodTests" */ = {
			isa = XCConfigurationList;
			buildConfigurations = (
				E3B0BB082E02CBD20029BB8E /* Debug */,
				E3B0BB092E02CBD20029BB8E /* Release */,
			);
			defaultConfigurationIsVisible = 0;
			defaultConfigurationName = Release;
		};
		E3B0BB0A2E02CBD20029BB8E /* Build configuration list for PBXNativeTarget "FastFoodUITests" */ = {
			isa = XCConfigurationList;
			buildConfigurations = (
				E3B0BB0B2E02CBD20029BB8E /* Debug */,
				E3B0BB0C2E02CBD20029BB8E /* Release */,
			);
			defaultConfigurationIsVisible = 0;
			defaultConfigurationName = Release;
		};
/* End XCConfigurationList section */
	};
	rootObject = E3B0BAD82E02CBCF0029BB8E /* Project object */;
}
