// !$*UTF8*$!
{
	archiveVersion = 1;
	classes = {
	};
	objectVersion = 77;
	objects = {

/* Begin PBXContainerItemProxy section */
		E3617FC82DFEEC9C00B6B5C1 /* PBXContainerItemProxy */ = {
			isa = PBXContainerItemProxy;
			containerPortal = E3617FAF2DFEEC9B00B6B5C1 /* Project object */;
			proxyType = 1;
			remoteGlobalIDString = E3617FB62DFEEC9B00B6B5C1;
			remoteInfo = frameworks;
		};
		E3617FD22DFEEC9C00B6B5C1 /* PBXContainerItemProxy */ = {
			isa = PBXContainerItemProxy;
			containerPortal = E3617FAF2DFEEC9B00B6B5C1 /* Project object */;
			proxyType = 1;
			remoteGlobalIDString = E3617FB62DFEEC9B00B6B5C1;
			remoteInfo = frameworks;
		};
/* End PBXContainerItemProxy section */

/* Begin PBXFileReference section */
		E3617FB72DFEEC9B00B6B5C1 /* frameworks.app */ = {isa = PBXFileReference; explicitFileType = wrapper.application; includeInIndex = 0; path = frameworks.app; sourceTree = BUILT_PRODUCTS_DIR; };
		E3617FC72DFEEC9C00B6B5C1 /* frameworksTests.xctest */ = {isa = PBXFileReference; explicitFileType = wrapper.cfbundle; includeInIndex = 0; path = frameworksTests.xctest; sourceTree = BUILT_PRODUCTS_DIR; };
		E3617FD12DFEEC9C00B6B5C1 /* frameworksUITests.xctest */ = {isa = PBXFileReference; explicitFileType = wrapper.cfbundle; includeInIndex = 0; path = frameworksUITests.xctest; sourceTree = BUILT_PRODUCTS_DIR; };
/* End PBXFileReference section */

/* Begin PBXFileSystemSynchronizedRootGroup section */
		E3617FB92DFEEC9B00B6B5C1 /* frameworks */ = {
			isa = PBXFileSystemSynchronizedRootGroup;
			path = frameworks;
			sourceTree = "<group>";
		};
		E3617FCA2DFEEC9C00B6B5C1 /* frameworksTests */ = {
			isa = PBXFileSystemSynchronizedRootGroup;
			path = frameworksTests;
			sourceTree = "<group>";
		};
		E3617FD42DFEEC9C00B6B5C1 /* frameworksUITests */ = {
			isa = PBXFileSystemSynchronizedRootGroup;
			path = frameworksUITests;
			sourceTree = "<group>";
		};
/* End PBXFileSystemSynchronizedRootGroup section */

/* Begin PBXFrameworksBuildPhase section */
		E3617FB42DFEEC9B00B6B5C1 /* Frameworks */ = {
			isa = PBXFrameworksBuildPhase;
			buildActionMask = 2147483647;
			files = (
			);
			runOnlyForDeploymentPostprocessing = 0;
		};
		E3617FC42DFEEC9C00B6B5C1 /* Frameworks */ = {
			isa = PBXFrameworksBuildPhase;
			buildActionMask = 2147483647;
			files = (
			);
			runOnlyForDeploymentPostprocessing = 0;
		};
		E3617FCE2DFEEC9C00B6B5C1 /* Frameworks */ = {
			isa = PBXFrameworksBuildPhase;
			buildActionMask = 2147483647;
			files = (
			);
			runOnlyForDeploymentPostprocessing = 0;
		};
/* End PBXFrameworksBuildPhase section */

/* Begin PBXGroup section */
		E3617FAE2DFEEC9B00B6B5C1 = {
			isa = PBXGroup;
			children = (
				E3617FB92DFEEC9B00B6B5C1 /* frameworks */,
				E3617FCA2DFEEC9C00B6B5C1 /* frameworksTests */,
				E3617FD42DFEEC9C00B6B5C1 /* frameworksUITests */,
				E3617FB82DFEEC9B00B6B5C1 /* Products */,
			);
			sourceTree = "<group>";
		};
		E3617FB82DFEEC9B00B6B5C1 /* Products */ = {
			isa = PBXGroup;
			children = (
				E3617FB72DFEEC9B00B6B5C1 /* frameworks.app */,
				E3617FC72DFEEC9C00B6B5C1 /* frameworksTests.xctest */,
				E3617FD12DFEEC9C00B6B5C1 /* frameworksUITests.xctest */,
			);
			name = Products;
			sourceTree = "<group>";
		};
/* End PBXGroup section */

/* Begin PBXNativeTarget section */
		E3617FB62DFEEC9B00B6B5C1 /* frameworks */ = {
			isa = PBXNativeTarget;
			buildConfigurationList = E3617FDB2DFEEC9C00B6B5C1 /* Build configuration list for PBXNativeTarget "frameworks" */;
			buildPhases = (
				E3617FB32DFEEC9B00B6B5C1 /* Sources */,
				E3617FB42DFEEC9B00B6B5C1 /* Frameworks */,
				E3617FB52DFEEC9B00B6B5C1 /* Resources */,
			);
			buildRules = (
			);
			dependencies = (
			);
			fileSystemSynchronizedGroups = (
				E3617FB92DFEEC9B00B6B5C1 /* frameworks */,
			);
			name = frameworks;
			packageProductDependencies = (
			);
			productName = frameworks;
			productReference = E3617FB72DFEEC9B00B6B5C1 /* frameworks.app */;
			productType = "com.apple.product-type.application";
		};
		E3617FC62DFEEC9C00B6B5C1 /* frameworksTests */ = {
			isa = PBXNativeTarget;
			buildConfigurationList = E3617FDE2DFEEC9C00B6B5C1 /* Build configuration list for PBXNativeTarget "frameworksTests" */;
			buildPhases = (
				E3617FC32DFEEC9C00B6B5C1 /* Sources */,
				E3617FC42DFEEC9C00B6B5C1 /* Frameworks */,
				E3617FC52DFEEC9C00B6B5C1 /* Resources */,
			);
			buildRules = (
			);
			dependencies = (
				E3617FC92DFEEC9C00B6B5C1 /* PBXTargetDependency */,
			);
			fileSystemSynchronizedGroups = (
				E3617FCA2DFEEC9C00B6B5C1 /* frameworksTests */,
			);
			name = frameworksTests;
			packageProductDependencies = (
			);
			productName = frameworksTests;
			productReference = E3617FC72DFEEC9C00B6B5C1 /* frameworksTests.xctest */;
			productType = "com.apple.product-type.bundle.unit-test";
		};
		E3617FD02DFEEC9C00B6B5C1 /* frameworksUITests */ = {
			isa = PBXNativeTarget;
			buildConfigurationList = E3617FE12DFEEC9C00B6B5C1 /* Build configuration list for PBXNativeTarget "frameworksUITests" */;
			buildPhases = (
				E3617FCD2DFEEC9C00B6B5C1 /* Sources */,
				E3617FCE2DFEEC9C00B6B5C1 /* Frameworks */,
				E3617FCF2DFEEC9C00B6B5C1 /* Resources */,
			);
			buildRules = (
			);
			dependencies = (
				E3617FD32DFEEC9C00B6B5C1 /* PBXTargetDependency */,
			);
			fileSystemSynchronizedGroups = (
				E3617FD42DFEEC9C00B6B5C1 /* frameworksUITests */,
			);
			name = frameworksUITests;
			packageProductDependencies = (
			);
			productName = frameworksUITests;
			productReference = E3617FD12DFEEC9C00B6B5C1 /* frameworksUITests.xctest */;
			productType = "com.apple.product-type.bundle.ui-testing";
		};
/* End PBXNativeTarget section */

/* Begin PBXProject section */
		E3617FAF2DFEEC9B00B6B5C1 /* Project object */ = {
			isa = PBXProject;
			attributes = {
				BuildIndependentTargetsInParallel = 1;
				LastSwiftUpdateCheck = 1620;
				LastUpgradeCheck = 1620;
				TargetAttributes = {
					E3617FB62DFEEC9B00B6B5C1 = {
						CreatedOnToolsVersion = 16.2;
					};
					E3617FC62DFEEC9C00B6B5C1 = {
						CreatedOnToolsVersion = 16.2;
						TestTargetID = E3617FB62DFEEC9B00B6B5C1;
					};
					E3617FD02DFEEC9C00B6B5C1 = {
						CreatedOnToolsVersion = 16.2;
						TestTargetID = E3617FB62DFEEC9B00B6B5C1;
					};
				};
			};
			buildConfigurationList = E3617FB22DFEEC9B00B6B5C1 /* Build configuration list for PBXProject "frameworks" */;
			developmentRegion = en;
			hasScannedForEncodings = 0;
			knownRegions = (
				en,
				Base,
			);
			mainGroup = E3617FAE2DFEEC9B00B6B5C1;
			minimizedProjectReferenceProxies = 1;
			preferredProjectObjectVersion = 77;
			productRefGroup = E3617FB82DFEEC9B00B6B5C1 /* Products */;
			projectDirPath = "";
			projectRoot = "";
			targets = (
				E3617FB62DFEEC9B00B6B5C1 /* frameworks */,
				E3617FC62DFEEC9C00B6B5C1 /* frameworksTests */,
				E3617FD02DFEEC9C00B6B5C1 /* frameworksUITests */,
			);
		};
/* End PBXProject section */

/* Begin PBXResourcesBuildPhase section */
		E3617FB52DFEEC9B00B6B5C1 /* Resources */ = {
			isa = PBXResourcesBuildPhase;
			buildActionMask = 2147483647;
			files = (
			);
			runOnlyForDeploymentPostprocessing = 0;
		};
		E3617FC52DFEEC9C00B6B5C1 /* Resources */ = {
			isa = PBXResourcesBuildPhase;
			buildActionMask = 2147483647;
			files = (
			);
			runOnlyForDeploymentPostprocessing = 0;
		};
		E3617FCF2DFEEC9C00B6B5C1 /* Resources */ = {
			isa = PBXResourcesBuildPhase;
			buildActionMask = 2147483647;
			files = (
			);
			runOnlyForDeploymentPostprocessing = 0;
		};
/* End PBXResourcesBuildPhase section */

/* Begin PBXSourcesBuildPhase section */
		E3617FB32DFEEC9B00B6B5C1 /* Sources */ = {
			isa = PBXSourcesBuildPhase;
			buildActionMask = 2147483647;
			files = (
			);
			runOnlyForDeploymentPostprocessing = 0;
		};
		E3617FC32DFEEC9C00B6B5C1 /* Sources */ = {
			isa = PBXSourcesBuildPhase;
			buildActionMask = 2147483647;
			files = (
			);
			runOnlyForDeploymentPostprocessing = 0;
		};
		E3617FCD2DFEEC9C00B6B5C1 /* Sources */ = {
			isa = PBXSourcesBuildPhase;
			buildActionMask = 2147483647;
			files = (
			);
			runOnlyForDeploymentPostprocessing = 0;
		};
/* End PBXSourcesBuildPhase section */

/* Begin PBXTargetDependency section */
		E3617FC92DFEEC9C00B6B5C1 /* PBXTargetDependency */ = {
			isa = PBXTargetDependency;
			target = E3617FB62DFEEC9B00B6B5C1 /* frameworks */;
			targetProxy = E3617FC82DFEEC9C00B6B5C1 /* PBXContainerItemProxy */;
		};
		E3617FD32DFEEC9C00B6B5C1 /* PBXTargetDependency */ = {
			isa = PBXTargetDependency;
			target = E3617FB62DFEEC9B00B6B5C1 /* frameworks */;
			targetProxy = E3617FD22DFEEC9C00B6B5C1 /* PBXContainerItemProxy */;
		};
/* End PBXTargetDependency section */

/* Begin XCBuildConfiguration section */
		E3617FD92DFEEC9C00B6B5C1 /* Debug */ = {
			isa = XCBuildConfiguration;
			buildSettings = {
				ALWAYS_SEARCH_USER_PATHS = NO;
				ASSETCATALOG_COMPILER_GENERATE_SWIFT_ASSET_SYMBOL_EXTENSIONS = YES;
				CLANG_ANALYZER_NONNULL = YES;
				CLANG_ANALYZER_NUMBER_OBJECT_CONVERSION = YES_AGGRESSIVE;
				CLANG_CXX_LANGUAGE_STANDARD = "gnu++20";
				CLANG_ENABLE_MODULES = YES;
				CLANG_ENABLE_OBJC_ARC = YES;
				CLANG_ENABLE_OBJC_WEAK = YES;
				CLANG_WARN_BLOCK_CAPTURE_AUTORELEASING = YES;
				CLANG_WARN_BOOL_CONVERSION = YES;
				CLANG_WARN_COMMA = YES;
				CLANG_WARN_CONSTANT_CONVERSION = YES;
				CLANG_WARN_DEPRECATED_OBJC_IMPLEMENTATIONS = YES;
				CLANG_WARN_DIRECT_OBJC_ISA_USAGE = YES_ERROR;
				CLANG_WARN_DOCUMENTATION_COMMENTS = YES;
				CLANG_WARN_EMPTY_BODY = YES;
				CLANG_WARN_ENUM_CONVERSION = YES;
				CLANG_WARN_INFINITE_RECURSION = YES;
				CLANG_WARN_INT_CONVERSION = YES;
				CLANG_WARN_NON_LITERAL_NULL_CONVERSION = YES;
				CLANG_WARN_OBJC_IMPLICIT_RETAIN_SELF = YES;
				CLANG_WARN_OBJC_LITERAL_CONVERSION = YES;
				CLANG_WARN_OBJC_ROOT_CLASS = YES_ERROR;
				CLANG_WARN_QUOTED_INCLUDE_IN_FRAMEWORK_HEADER = YES;
				CLANG_WARN_RANGE_LOOP_ANALYSIS = YES;
				CLANG_WARN_STRICT_PROTOTYPES = YES;
				CLANG_WARN_SUSPICIOUS_MOVE = YES;
				CLANG_WARN_UNGUARDED_AVAILABILITY = YES_AGGRESSIVE;
				CLANG_WARN_UNREACHABLE_CODE = YES;
				CLANG_WARN__DUPLICATE_METHOD_MATCH = YES;
				COPY_PHASE_STRIP = NO;
				DEBUG_INFORMATION_FORMAT = dwarf;
				ENABLE_STRICT_OBJC_MSGSEND = YES;
				ENABLE_TESTABILITY = YES;
				ENABLE_USER_SCRIPT_SANDBOXING = YES;
				GCC_C_LANGUAGE_STANDARD = gnu17;
				GCC_DYNAMIC_NO_PIC = NO;
				GCC_NO_COMMON_BLOCKS = YES;
				GCC_OPTIMIZATION_LEVEL = 0;
				GCC_PREPROCESSOR_DEFINITIONS = (
					"DEBUG=1",
					"$(inherited)",
				);
				GCC_WARN_64_TO_32_BIT_CONVERSION = YES;
				GCC_WARN_ABOUT_RETURN_TYPE = YES_ERROR;
				GCC_WARN_UNDECLARED_SELECTOR = YES;
				GCC_WARN_UNINITIALIZED_AUTOS = YES_AGGRESSIVE;
				GCC_WARN_UNUSED_FUNCTION = YES;
				GCC_WARN_UNUSED_VARIABLE = YES;
				IPHONEOS_DEPLOYMENT_TARGET = 18.2;
				LOCALIZATION_PREFERS_STRING_CATALOGS = YES;
				MTL_ENABLE_DEBUG_INFO = INCLUDE_SOURCE;
				MTL_FAST_MATH = YES;
				ONLY_ACTIVE_ARCH = YES;
				SDKROOT = iphoneos;
				SWIFT_ACTIVE_COMPILATION_CONDITIONS = "DEBUG $(inherited)";
				SWIFT_OPTIMIZATION_LEVEL = "-Onone";
			};
			name = Debug;
		};
		E3617FDA2DFEEC9C00B6B5C1 /* Release */ = {
			isa = XCBuildConfiguration;
			buildSettings = {
				ALWAYS_SEARCH_USER_PATHS = NO;
				ASSETCATALOG_COMPILER_GENERATE_SWIFT_ASSET_SYMBOL_EXTENSIONS = YES;
				CLANG_ANALYZER_NONNULL = YES;
				CLANG_ANALYZER_NUMBER_OBJECT_CONVERSION = YES_AGGRESSIVE;
				CLANG_CXX_LANGUAGE_STANDARD = "gnu++20";
				CLANG_ENABLE_MODULES = YES;
				CLANG_ENABLE_OBJC_ARC = YES;
				CLANG_ENABLE_OBJC_WEAK = YES;
				CLANG_WARN_BLOCK_CAPTURE_AUTORELEASING = YES;
				CLANG_WARN_BOOL_CONVERSION = YES;
				CLANG_WARN_COMMA = YES;
				CLANG_WARN_CONSTANT_CONVERSION = YES;
				CLANG_WARN_DEPRECATED_OBJC_IMPLEMENTATIONS = YES;
				CLANG_WARN_DIRECT_OBJC_ISA_USAGE = YES_ERROR;
				CLANG_WARN_DOCUMENTATION_COMMENTS = YES;
				CLANG_WARN_EMPTY_BODY = YES;
				CLANG_WARN_ENUM_CONVERSION = YES;
				CLANG_WARN_INFINITE_RECURSION = YES;
				CLANG_WARN_INT_CONVERSION = YES;
				CLANG_WARN_NON_LITERAL_NULL_CONVERSION = YES;
				CLANG_WARN_OBJC_IMPLICIT_RETAIN_SELF = YES;
				CLANG_WARN_OBJC_LITERAL_CONVERSION = YES;
				CLANG_WARN_OBJC_ROOT_CLASS = YES_ERROR;
				CLANG_WARN_QUOTED_INCLUDE_IN_FRAMEWORK_HEADER = YES;
				CLANG_WARN_RANGE_LOOP_ANALYSIS = YES;
				CLANG_WARN_STRICT_PROTOTYPES = YES;
				CLANG_WARN_SUSPICIOUS_MOVE = YES;
				CLANG_WARN_UNGUARDED_AVAILABILITY = YES_AGGRESSIVE;
				CLANG_WARN_UNREACHABLE_CODE = YES;
				CLANG_WARN__DUPLICATE_METHOD_MATCH = YES;
				COPY_PHASE_STRIP = NO;
				DEBUG_INFORMATION_FORMAT = "dwarf-with-dsym";
				ENABLE_NS_ASSERTIONS = NO;
				ENABLE_STRICT_OBJC_MSGSEND = YES;
				ENABLE_USER_SCRIPT_SANDBOXING = YES;
				GCC_C_LANGUAGE_STANDARD = gnu17;
				GCC_NO_COMMON_BLOCKS = YES;
				GCC_WARN_64_TO_32_BIT_CONVERSION = YES;
				GCC_WARN_ABOUT_RETURN_TYPE = YES_ERROR;
				GCC_WARN_UNDECLARED_SELECTOR = YES;
				GCC_WARN_UNINITIALIZED_AUTOS = YES_AGGRESSIVE;
				GCC_WARN_UNUSED_FUNCTION = YES;
				GCC_WARN_UNUSED_VARIABLE = YES;
				IPHONEOS_DEPLOYMENT_TARGET = 18.2;
				LOCALIZATION_PREFERS_STRING_CATALOGS = YES;
				MTL_ENABLE_DEBUG_INFO = NO;
				MTL_FAST_MATH = YES;
				SDKROOT = iphoneos;
				SWIFT_COMPILATION_MODE = wholemodule;
				VALIDATE_PRODUCT = YES;
			};
			name = Release;
		};
		E3617FDC2DFEEC9C00B6B5C1 /* Debug */ = {
			isa = XCBuildConfiguration;
			buildSettings = {
				ASSETCATALOG_COMPILER_APPICON_NAME = AppIcon;
				ASSETCATALOG_COMPILER_GLOBAL_ACCENT_COLOR_NAME = AccentColor;
				CODE_SIGN_STYLE = Automatic;
				CURRENT_PROJECT_VERSION = 1;
				DEVELOPMENT_ASSET_PATHS = "\"frameworks/Preview Content\"";
				DEVELOPMENT_TEAM = A2L774K3W9;
				ENABLE_PREVIEWS = YES;
				GENERATE_INFOPLIST_FILE = YES;
				INFOPLIST_KEY_UIApplicationSceneManifest_Generation = YES;
				INFOPLIST_KEY_UIApplicationSupportsIndirectInputEvents = YES;
				INFOPLIST_KEY_UILaunchScreen_Generation = YES;
				INFOPLIST_KEY_UISupportedInterfaceOrientations_iPad = "UIInterfaceOrientationPortrait UIInterfaceOrientationPortraitUpsideDown UIInterfaceOrientationLandscapeLeft UIInterfaceOrientationLandscapeRight";
				INFOPLIST_KEY_UISupportedInterfaceOrientations_iPhone = "UIInterfaceOrientationPortrait UIInterfaceOrientationLandscapeLeft UIInterfaceOrientationLandscapeRight";
				LD_RUNPATH_SEARCH_PATHS = (
					"$(inherited)",
					"@executable_path/Frameworks",
				);
				MARKETING_VERSION = 1.0;
				PRODUCT_BUNDLE_IDENTIFIER = com.ahmetkadircicek.frameworks;
				PRODUCT_NAME = "$(TARGET_NAME)";
				SWIFT_EMIT_LOC_STRINGS = YES;
				SWIFT_VERSION = 5.0;
				TARGETED_DEVICE_FAMILY = "1,2";
			};
			name = Debug;
		};
		E3617FDD2DFEEC9C00B6B5C1 /* Release */ = {
			isa = XCBuildConfiguration;
			buildSettings = {
				ASSETCATALOG_COMPILER_APPICON_NAME = AppIcon;
				ASSETCATALOG_COMPILER_GLOBAL_ACCENT_COLOR_NAME = AccentColor;
				CODE_SIGN_STYLE = Automatic;
				CURRENT_PROJECT_VERSION = 1;
				DEVELOPMENT_ASSET_PATHS = "\"frameworks/Preview Content\"";
				DEVELOPMENT_TEAM = A2L774K3W9;
				ENABLE_PREVIEWS = YES;
				GENERATE_INFOPLIST_FILE = YES;
				INFOPLIST_KEY_UIApplicationSceneManifest_Generation = YES;
				INFOPLIST_KEY_UIApplicationSupportsIndirectInputEvents = YES;
				INFOPLIST_KEY_UILaunchScreen_Generation = YES;
				INFOPLIST_KEY_UISupportedInterfaceOrientations_iPad = "UIInterfaceOrientationPortrait UIInterfaceOrientationPortraitUpsideDown UIInterfaceOrientationLandscapeLeft UIInterfaceOrientationLandscapeRight";
				INFOPLIST_KEY_UISupportedInterfaceOrientations_iPhone = "UIInterfaceOrientationPortrait UIInterfaceOrientationLandscapeLeft UIInterfaceOrientationLandscapeRight";
				LD_RUNPATH_SEARCH_PATHS = (
					"$(inherited)",
					"@executable_path/Frameworks",
				);
				MARKETING_VERSION = 1.0;
				PRODUCT_BUNDLE_IDENTIFIER = com.ahmetkadircicek.frameworks;
				PRODUCT_NAME = "$(TARGET_NAME)";
				SWIFT_EMIT_LOC_STRINGS = YES;
				SWIFT_VERSION = 5.0;
				TARGETED_DEVICE_FAMILY = "1,2";
			};
			name = Release;
		};
		E3617FDF2DFEEC9C00B6B5C1 /* Debug */ = {
			isa = XCBuildConfiguration;
			buildSettings = {
				BUNDLE_LOADER = "$(TEST_HOST)";
				CODE_SIGN_STYLE = Automatic;
				CURRENT_PROJECT_VERSION = 1;
				GENERATE_INFOPLIST_FILE = YES;
				IPHONEOS_DEPLOYMENT_TARGET = 18.2;
				MARKETING_VERSION = 1.0;
				PRODUCT_BUNDLE_IDENTIFIER = com.ahmetkadircicek.frameworksTests;
				PRODUCT_NAME = "$(TARGET_NAME)";
				SWIFT_EMIT_LOC_STRINGS = NO;
				SWIFT_VERSION = 5.0;
				TARGETED_DEVICE_FAMILY = "1,2";
				TEST_HOST = "$(BUILT_PRODUCTS_DIR)/frameworks.app/$(BUNDLE_EXECUTABLE_FOLDER_PATH)/frameworks";
			};
			name = Debug;
		};
		E3617FE02DFEEC9C00B6B5C1 /* Release */ = {
			isa = XCBuildConfiguration;
			buildSettings = {
				BUNDLE_LOADER = "$(TEST_HOST)";
				CODE_SIGN_STYLE = Automatic;
				CURRENT_PROJECT_VERSION = 1;
				GENERATE_INFOPLIST_FILE = YES;
				IPHONEOS_DEPLOYMENT_TARGET = 18.2;
				MARKETING_VERSION = 1.0;
				PRODUCT_BUNDLE_IDENTIFIER = com.ahmetkadircicek.frameworksTests;
				PRODUCT_NAME = "$(TARGET_NAME)";
				SWIFT_EMIT_LOC_STRINGS = NO;
				SWIFT_VERSION = 5.0;
				TARGETED_DEVICE_FAMILY = "1,2";
				TEST_HOST = "$(BUILT_PRODUCTS_DIR)/frameworks.app/$(BUNDLE_EXECUTABLE_FOLDER_PATH)/frameworks";
			};
			name = Release;
		};
		E3617FE22DFEEC9C00B6B5C1 /* Debug */ = {
			isa = XCBuildConfiguration;
			buildSettings = {
				CODE_SIGN_STYLE = Automatic;
				CURRENT_PROJECT_VERSION = 1;
				GENERATE_INFOPLIST_FILE = YES;
				MARKETING_VERSION = 1.0;
				PRODUCT_BUNDLE_IDENTIFIER = com.ahmetkadircicek.frameworksUITests;
				PRODUCT_NAME = "$(TARGET_NAME)";
				SWIFT_EMIT_LOC_STRINGS = NO;
				SWIFT_VERSION = 5.0;
				TARGETED_DEVICE_FAMILY = "1,2";
				TEST_TARGET_NAME = frameworks;
			};
			name = Debug;
		};
		E3617FE32DFEEC9C00B6B5C1 /* Release */ = {
			isa = XCBuildConfiguration;
			buildSettings = {
				CODE_SIGN_STYLE = Automatic;
				CURRENT_PROJECT_VERSION = 1;
				GENERATE_INFOPLIST_FILE = YES;
				MARKETING_VERSION = 1.0;
				PRODUCT_BUNDLE_IDENTIFIER = com.ahmetkadircicek.frameworksUITests;
				PRODUCT_NAME = "$(TARGET_NAME)";
				SWIFT_EMIT_LOC_STRINGS = NO;
				SWIFT_VERSION = 5.0;
				TARGETED_DEVICE_FAMILY = "1,2";
				TEST_TARGET_NAME = frameworks;
			};
			name = Release;
		};
/* End XCBuildConfiguration section */

/* Begin XCConfigurationList section */
		E3617FB22DFEEC9B00B6B5C1 /* Build configuration list for PBXProject "frameworks" */ = {
			isa = XCConfigurationList;
			buildConfigurations = (
				E3617FD92DFEEC9C00B6B5C1 /* Debug */,
				E3617FDA2DFEEC9C00B6B5C1 /* Release */,
			);
			defaultConfigurationIsVisible = 0;
			defaultConfigurationName = Release;
		};
		E3617FDB2DFEEC9C00B6B5C1 /* Build configuration list for PBXNativeTarget "frameworks" */ = {
			isa = XCConfigurationList;
			buildConfigurations = (
				E3617FDC2DFEEC9C00B6B5C1 /* Debug */,
				E3617FDD2DFEEC9C00B6B5C1 /* Release */,
			);
			defaultConfigurationIsVisible = 0;
			defaultConfigurationName = Release;
		};
		E3617FDE2DFEEC9C00B6B5C1 /* Build configuration list for PBXNativeTarget "frameworksTests" */ = {
			isa = XCConfigurationList;
			buildConfigurations = (
				E3617FDF2DFEEC9C00B6B5C1 /* Debug */,
				E3617FE02DFEEC9C00B6B5C1 /* Release */,
			);
			defaultConfigurationIsVisible = 0;
			defaultConfigurationName = Release;
		};
		E3617FE12DFEEC9C00B6B5C1 /* Build configuration list for PBXNativeTarget "frameworksUITests" */ = {
			isa = XCConfigurationList;
			buildConfigurations = (
				E3617FE22DFEEC9C00B6B5C1 /* Debug */,
				E3617FE32DFEEC9C00B6B5C1 /* Release */,
			);
			defaultConfigurationIsVisible = 0;
			defaultConfigurationName = Release;
		};
/* End XCConfigurationList section */
	};
	rootObject = E3617FAF2DFEEC9B00B6B5C1 /* Project object */;
}
